{
  "requires": true,
  "lockfileVersion": 1,
  "dependencies": {
    "@expo/vector-icons": {
      "version": "10.2.0",
      "resolved": "https://registry.npmjs.org/@expo/vector-icons/-/vector-icons-10.2.0.tgz",
      "integrity": "sha512-dYe0SW/xbzWRtWG7i1pc3QPMGMbdReVgP02XlwMkS4srAAjF0cZQVa3ZgZ6qzxI+OzKudpDXZRmENNth/b263g==",
      "requires": {
        "lodash": "^4.17.4"
      }
    },
    "@react-navigation/core": {
      "version": "3.7.6",
      "resolved": "https://registry.npmjs.org/@react-navigation/core/-/core-3.7.6.tgz",
      "integrity": "sha512-loYFIn0Boy7C+vYxwcqsBVRFRO1EizZJErdutE6/3Jw6dbzz3Bnzupbw5hckZNB16GckacMwGoepZNIK51IIcg==",
      "requires": {
        "hoist-non-react-statics": "^3.3.2",
        "path-to-regexp": "^1.8.0",
        "query-string": "^6.11.1",
        "react-is": "^16.13.0"
      }
    },
    "@react-navigation/native": {
      "version": "3.8.0",
      "resolved": "https://registry.npmjs.org/@react-navigation/native/-/native-3.8.0.tgz",
      "integrity": "sha512-Uym5XdNOTpTR6XC4IVa/Shfn12DUF3DUIqch+cpiLNfvauQukVmWoz+Rfxd2faGOzxT12EhrWGFsMJ/8nuTfcw==",
      "requires": {
        "hoist-non-react-statics": "^3.3.2",
        "react-native-safe-area-view": "^0.14.9"
      }
    },
    "decode-uri-component": {
      "version": "0.2.0",
      "resolved": "https://registry.npmjs.org/decode-uri-component/-/decode-uri-component-0.2.0.tgz",
      "integrity": "sha1-6zkTMzRYd1y4TNGh+uBiEGu4dUU="
    },
    "hoist-non-react-statics": {
      "version": "3.3.2",
      "resolved": "https://registry.npmjs.org/hoist-non-react-statics/-/hoist-non-react-statics-3.3.2.tgz",
      "integrity": "sha512-/gGivxi8JPKWNm/W0jSmzcMPpfpPLc3dY/6GxhX2hQ9iGj3aDfklV4ET7NjKpSinLpJ5vafa9iiGIEZg10SfBw==",
      "requires": {
        "react-is": "^16.7.0"
      }
    },
    "invariant": {
      "version": "2.2.4",
      "resolved": "https://registry.npmjs.org/invariant/-/invariant-2.2.4.tgz",
      "integrity": "sha512-phJfQVBuaJM5raOpJjSfkiD6BpbCE4Ns//LaXl6wGYtUBY83nWS6Rf9tXm2e8VaK60JEjYldbPif/A2B1C2gNA==",
      "requires": {
        "loose-envify": "^1.0.0"
      }
    },
    "isarray": {
      "version": "0.0.1",
      "resolved": "https://registry.npmjs.org/isarray/-/isarray-0.0.1.tgz",
      "integrity": "sha1-ihis/Kmo9Bd+Cav8YDiTmwXR7t8="
    },
    "js-tokens": {
      "version": "4.0.0",
      "resolved": "https://registry.npmjs.org/js-tokens/-/js-tokens-4.0.0.tgz",
      "integrity": "sha512-RdJUflcE3cUzKiMqQgsCu06FPu9UdIJO0beYbPhHN4k6apgJtifcoCtT9bcxOpYBtpD2kCM6Sbzg4CausW/PKQ=="
    },
    "lodash": {
      "version": "4.17.19",
      "resolved": "https://registry.npmjs.org/lodash/-/lodash-4.17.19.tgz",
      "integrity": "sha512-JNvd8XER9GQX0v2qJgsaN/mzFCNA5BRe/j8JN9d+tWyGLSodKQHKFicdwNYzWwI3wjRnaKPsGj1XkBjx/F96DQ=="
    },
    "loose-envify": {
      "version": "1.4.0",
      "resolved": "https://registry.npmjs.org/loose-envify/-/loose-envify-1.4.0.tgz",
      "integrity": "sha512-lyuxPGr/Wfhrlem2CL/UcnUc1zcqKAImBDzukY7Y5F/yQiNdko6+fRLevlw1HgMySw7f611UIY408EtxRSoK3Q==",
      "requires": {
        "js-tokens": "^3.0.0 || ^4.0.0"
      }
    },
    "path-to-regexp": {
      "version": "1.8.0",
      "resolved": "https://registry.npmjs.org/path-to-regexp/-/path-to-regexp-1.8.0.tgz",
      "integrity": "sha512-n43JRhlUKUAlibEJhPeir1ncUID16QnEjNpwzNdO3Lm4ywrBpBZ5oLD0I6br9evr1Y9JTqwRtAh7JLoOzAQdVA==",
      "requires": {
        "isarray": "0.0.1"
      }
    },
    "query-string": {
      "version": "6.13.1",
      "resolved": "https://registry.npmjs.org/query-string/-/query-string-6.13.1.tgz",
      "integrity": "sha512-RfoButmcK+yCta1+FuU8REvisx1oEzhMKwhLUNcepQTPGcNMp1sIqjnfCtfnvGSQZQEhaBHvccujtWoUV3TTbA==",
      "requires": {
        "decode-uri-component": "^0.2.0",
        "split-on-first": "^1.0.0",
        "strict-uri-encode": "^2.0.0"
      }
    },
    "react-is": {
      "version": "16.13.1",
      "resolved": "https://registry.npmjs.org/react-is/-/react-is-16.13.1.tgz",
      "integrity": "sha512-24e6ynE2H+OKt4kqsOvNd8kBpV65zoxbA4BVsEOB3ARVWQki/DHzaUoC5KuON/BiccDaCCTZBuOcfZs70kR8bQ=="
    },
    "react-lifecycles-compat": {
      "version": "3.0.4",
      "resolved": "https://registry.npmjs.org/react-lifecycles-compat/-/react-lifecycles-compat-3.0.4.tgz",
      "integrity": "sha512-fBASbA6LnOU9dOU2eW7aQ8xmYBSXUIWr+UmF9b1efZBazGNO+rcXT/icdKnYm2pTwcRylVUYwW7H1PHfLekVzA=="
    },
    "react-native-platform-touchable": {
      "version": "1.1.1",
      "resolved": "https://registry.npmjs.org/react-native-platform-touchable/-/react-native-platform-touchable-1.1.1.tgz",
      "integrity": "sha1-/eSsxl7qWF0osWTQw3FqQhKaaOQ="
    },
    "react-native-safe-area-view": {
      "version": "0.14.9",
      "resolved": "https://registry.npmjs.org/react-native-safe-area-view/-/react-native-safe-area-view-0.14.9.tgz",
      "integrity": "sha512-WII/ulhpVyL/qbYb7vydq7dJAfZRBcEhg4/UWt6F6nAKpLa3gAceMOxBxI914ppwSP/TdUsandFy6lkJQE0z4A==",
      "requires": {
        "hoist-non-react-statics": "^2.3.1"
      },
      "dependencies": {
        "hoist-non-react-statics": {
          "version": "2.5.5",
          "resolved": "https://registry.npmjs.org/hoist-non-react-statics/-/hoist-non-react-statics-2.5.5.tgz",
          "integrity": "sha512-rqcy4pJo55FTTLWt+bU8ukscqHeE/e9KWvsOW2b/a3afxQZhwkQdT1rPPCJ0rYXdj4vNcasY8zHTH+jF/qStxw=="
        }
      }
    },
    "react-native-screens": {
      "version": "2.9.0",
      "resolved": "https://registry.npmjs.org/react-native-screens/-/react-native-screens-2.9.0.tgz",
      "integrity": "sha512-5MaiUD6HA3nzY3JbVI8l3V7pKedtxQF3d8qktTVI0WmWXTI4QzqOU8r8fPVvfKo3MhOXwhWBjr+kQ7DZaIQQeg=="
    },
    "react-native-tab-view": {
      "version": "2.15.0",
      "resolved": "https://registry.npmjs.org/react-native-tab-view/-/react-native-tab-view-2.15.0.tgz",
      "integrity": "sha512-rCQPNp0N4t2IZHTVpdb/eddJ9kTLC8QlD/8Ce1+z2Fk3Evk0HPhuhTAW3mfa+thzRXkXYxxsS7QcIjJKs2Wu3w=="
    },
    "react-navigation": {
      "version": "4.4.0",
      "resolved": "https://registry.npmjs.org/react-navigation/-/react-navigation-4.4.0.tgz",
      "integrity": "sha512-BtxqNNlEGm/ve1mGHxCvrtvDzZ+2OF/V9OJaDPz/Cdx2VvYiFGaq6mtlFQm5/2bLxiEVXhNFcYSTCP26YGiENA==",
      "requires": {
        "@react-navigation/core": "^3.7.6",
        "@react-navigation/native": "^3.8.0"
      }
    },
    "react-navigation-header-buttons": {
      "version": "4.0.2",
      "resolved": "https://registry.npmjs.org/react-navigation-header-buttons/-/react-navigation-header-buttons-4.0.2.tgz",
      "integrity": "sha512-H08dyN7xPFxnEnK9L/IZgtfLsVRv4WiE7ldtwKpGsMnU3AAwZy/Txzoyqk4IZJSztDPU+9bC59b0FFMcpM1zDg==",
      "requires": {
        "invariant": ">=2",
        "react-native-platform-touchable": "^1.1.1"
      }
    },
    "react-navigation-tabs": {
      "version": "2.9.0",
      "resolved": "https://registry.npmjs.org/react-navigation-tabs/-/react-navigation-tabs-2.9.0.tgz",
      "integrity": "sha512-+C9wyPtgxpEedhs1aX8pwtM7gJtpDMN3wPwq0jNkmONaurhb3hvE+mt3D7CLtX+zwxmMhcrPxSTSkynORKNn8g==",
      "requires": {
        "hoist-non-react-statics": "^3.3.2",
        "react-lifecycles-compat": "^3.0.4",
        "react-native-safe-area-view": "^0.14.9",
        "react-native-tab-view": "^2.11.0"
      }
    },
    "split-on-first": {
      "version": "1.1.0",
      "resolved": "https://registry.npmjs.org/split-on-first/-/split-on-first-1.1.0.tgz",
      "integrity": "sha512-43ZssAJaMusuKWL8sKUBQXHWOpq8d6CfN/u1p4gUzfJkM05C8rxTmYrkIPTXapZpORA6LkkzcUulJ8FqA7Uudw=="
    },
    "strict-uri-encode": {
      "version": "2.0.0",
      "resolved": "https://registry.npmjs.org/strict-uri-encode/-/strict-uri-encode-2.0.0.tgz",
      "integrity": "sha1-ucczDHBChi9rFC3CdLvMWGbONUY="
    }
  }
}
